
Microsoft Visual Studio Solution File, Format Version 12.00
# Visual Studio Version 16
VisualStudioVersion = 16.0.29020.237
MinimumVisualStudioVersion = 10.0.40219.1
Project("{FAE04EC0-301F-11D3-BF4B-00C04F79EFBC}") = "GraModel", "GraModel\GraModel.csproj", "{EC14F911-8F80-49E3-A5F3-2FAC09D96D82}"
EndProject
Project("{FAE04EC0-301F-11D3-BF4B-00C04F79EFBC}") = "GraGui", "GraGui\GraGui.csproj", "{E0C1671E-5BCD-4EF7-94C0-0C0C5FE8AD86}"
EndProject
Project("{FAE04EC0-301F-11D3-BF4B-00C04F79EFBC}") = "GraCMD", "GraCMD\GraCMD.csproj", "{618D342F-1762-4CE8-911E-9EE2EB1AAF79}"
EndProject
Global
	GlobalSection(SolutionConfigurationPlatforms) = preSolution
		Debug|Any CPU = Debug|Any CPU
		Release|Any CPU = Release|Any CPU
	EndGlobalSection
	GlobalSection(ProjectConfigurationPlatforms) = postSolution
		{EC14F911-8F80-49E3-A5F3-2FAC09D96D82}.Debug|Any CPU.ActiveCfg = Debug|Any CPU
		{EC14F911-8F80-49E3-A5F3-2FAC09D96D82}.Debug|Any CPU.Build.0 = Debug|Any CPU
		{EC14F911-8F80-49E3-A5F3-2FAC09D96D82}.Release|Any CPU.ActiveCfg = Release|Any CPU
		{EC14F911-8F80-49E3-A5F3-2FAC09D96D82}.Release|Any CPU.Build.0 = Release|Any CPU
		{E0C1671E-5BCD-4EF7-94C0-0C0C5FE8AD86}.Debug|Any CPU.ActiveCfg = Debug|Any CPU
		{E0C1671E-5BCD-4EF7-94C0-0C0C5FE8AD86}.Debug|Any CPU.Build.0 = Debug|Any CPU
		{E0C1671E-5BCD-4EF7-94C0-0C0C5FE8AD86}.Release|Any CPU.ActiveCfg = Release|Any CPU
		{E0C1671E-5BCD-4EF7-94C0-0C0C5FE8AD86}.Release|Any CPU.Build.0 = Release|Any CPU
		{618D342F-1762-4CE8-911E-9EE2EB1AAF79}.Debug|Any CPU.ActiveCfg = Debug|Any CPU
		{618D342F-1762-4CE8-911E-9EE2EB1AAF79}.Debug|Any CPU.Build.0 = Debug|Any CPU
		{618D342F-1762-4CE8-911E-9EE2EB1AAF79}.Release|Any CPU.ActiveCfg = Release|Any CPU
		{618D342F-1762-4CE8-911E-9EE2EB1AAF79}.Release|Any CPU.Build.0 = Release|Any CPU
	EndGlobalSection
	GlobalSection(SolutionProperties) = preSolution
		HideSolutionNode = FALSE
	EndGlobalSection
	GlobalSection(ExtensibilityGlobals) = postSolution
		SolutionGuid = {652577D5-6769-473E-B001-81DED4B03C21}
	EndGlobalSection
EndGlobal
